
Microsoft Visual Studio Solution File, Format Version 12.00
# Visual Studio Version 18
VisualStudioVersion = 18.0.11217.181 d18.0
MinimumVisualStudioVersion = 10.0.40219.1
Project("{FAE04EC0-301F-11D3-BF4B-00C04F79EFBC}") = "problem_A_791", "ConsoleApp1\problem_A_791.csproj", "{CDD5D6C7-1D31-4A94-AB2A-98A1E2F469D0}"
EndProject
Global
	GlobalSection(SolutionConfigurationPlatforms) = preSolution
		Debug|Any CPU = Debug|Any CPU
		Release|Any CPU = Release|Any CPU
	EndGlobalSection
	GlobalSection(ProjectConfigurationPlatforms) = postSolution
		{CDD5D6C7-1D31-4A94-AB2A-98A1E2F469D0}.Debug|Any CPU.ActiveCfg = Debug|Any CPU
		{CDD5D6C7-1D31-4A94-AB2A-98A1E2F469D0}.Debug|Any CPU.Build.0 = Debug|Any CPU
		{CDD5D6C7-1D31-4A94-AB2A-98A1E2F469D0}.Release|Any CPU.ActiveCfg = Release|Any CPU
		{CDD5D6C7-1D31-4A94-AB2A-98A1E2F469D0}.Release|Any CPU.Build.0 = Release|Any CPU
	EndGlobalSection
	GlobalSection(SolutionProperties) = preSolution
		HideSolutionNode = FALSE
	EndGlobalSection
	GlobalSection(ExtensibilityGlobals) = postSolution
		SolutionGuid = {936302EC-5AA4-4F49-BF69-C0B26D84B276}
	EndGlobalSection
EndGlobal
